{
  "name": "explanations",
  "version": "1.0.0",
  "lockfileVersion": 1,
  "requires": true,
  "dependencies": {
    "@babel/helper-validator-identifier": {
      "version": "7.14.0",
      "resolved": "https://registry.npmjs.org/@babel/helper-validator-identifier/-/helper-validator-identifier-7.14.0.tgz",
      "integrity": "sha512-V3ts7zMSu5lfiwWDVWzRDGIN+lnCEUdaXgtVHJgLb1rGaA6jMrtB9EmE7L18foXJIE8Un/A/h6NJfGQp/e1J4A=="
    },
    "@babel/parser": {
      "version": "7.14.4",
      "resolved": "https://registry.npmjs.org/@babel/parser/-/parser-7.14.4.tgz",
      "integrity": "sha512-ArliyUsWDUqEGfWcmzpGUzNfLxTdTp6WU4IuP6QFSp9gGfWS6boxFCkJSJ/L4+RG8z/FnIU3WxCk6hPL9SSWeA=="
    },
    "@babel/types": {
      "version": "7.14.4",
      "resolved": "https://registry.npmjs.org/@babel/types/-/types-7.14.4.tgz",
      "integrity": "sha512-lCj4aIs0xUefJFQnwwQv2Bxg7Omd6bgquZ6LGC+gGMh6/s5qDVfjuCMlDmYQ15SLsWHd9n+X3E75lKIhl5Lkiw==",
      "requires": {
        "@babel/helper-validator-identifier": "^7.14.0",
        "to-fast-properties": "^2.0.0"
      }
    },
    "@types/babel-types": {
      "version": "7.0.9",
      "resolved": "https://registry.npmjs.org/@types/babel-types/-/babel-types-7.0.9.tgz",
      "integrity": "sha512-qZLoYeXSTgQuK1h7QQS16hqLGdmqtRmN8w/rl3Au/l5x/zkHx+a4VHrHyBsi1I1vtK2oBHxSzKIu0R5p6spdOA=="
    },
    "@types/babylon": {
      "version": "6.16.5",
      "resolved": "https://registry.npmjs.org/@types/babylon/-/babylon-6.16.5.tgz",
      "integrity": "sha512-xH2e58elpj1X4ynnKp9qSnWlsRTIs6n3tgLGNfwAGHwePw0mulHQllV34n0T25uYSu1k0hRKkWXF890B1yS47w==",
      "requires": {
        "@types/babel-types": "*"
      }
    },
    "@types/numeral": {
      "version": "0.0.28",
      "resolved": "https://registry.npmjs.org/@types/numeral/-/numeral-0.0.28.tgz",
      "integrity": "sha512-Sjsy10w6XFHDktJJdXzBJmoondAKW+LcGpRFH+9+zXEDj0cOH8BxJuZA9vUDSMAzU1YRJlsPKmZEEiTYDlICLw=="
    },
    "@types/snowball-stemmers": {
      "version": "0.6.0",
      "resolved": "https://registry.npmjs.org/@types/snowball-stemmers/-/snowball-stemmers-0.6.0.tgz",
      "integrity": "sha512-fMVaCLdlsNGXsSgZATkYM8Wll6yiouzIFQa3IjXncC5gv25JcqnCI1ruPEfA+1CJR43hs9xE9OudZHajqZKZBg=="
    },
    "@types/wink-tokenizer": {
      "version": "4.0.2",
      "resolved": "https://registry.npmjs.org/@types/wink-tokenizer/-/wink-tokenizer-4.0.2.tgz",
      "integrity": "sha512-btI7/KTCHwokbz2Npx2rSQW1ENAdqQz6txOBnRv88OV5xK075LaWINoT0jOL835CVj6rnvR1zeIsTewullI/8w=="
    },
    "acorn": {
      "version": "7.4.1",
      "resolved": "https://registry.npmjs.org/acorn/-/acorn-7.4.1.tgz",
      "integrity": "sha512-nQyp0o1/mNdbTO1PO6kHkwSrmgZ0MT/jCCpNiwbUjGoRN4dlBhqJtoQuCnEOKzgTVwg0ZWiCoQy6SxMebQVh8A=="
    },
    "assert-never": {
      "version": "1.2.1",
      "resolved": "https://registry.npmjs.org/assert-never/-/assert-never-1.2.1.tgz",
      "integrity": "sha512-TaTivMB6pYI1kXwrFlEhLeGfOqoDNdTxjCdwRfFFkEA30Eu+k48W34nlok2EYWJfFFzqaEmichdNM7th6M5HNw=="
    },
    "ast-types": {
      "version": "0.14.2",
      "resolved": "https://registry.npmjs.org/ast-types/-/ast-types-0.14.2.tgz",
      "integrity": "sha512-O0yuUDnZeQDL+ncNGlJ78BiO4jnYI3bvMsD5prT0/nsgijG/LpNBIr63gTjVTNsiGkgQhiyCShTgxt8oXOrklA==",
      "requires": {
        "tslib": "^2.0.1"
      }
    },
    "babel-runtime": {
      "version": "6.26.0",
      "resolved": "https://registry.npmjs.org/babel-runtime/-/babel-runtime-6.26.0.tgz",
      "integrity": "sha1-llxwWGaOgrVde/4E/yM3vItWR/4=",
      "requires": {
        "core-js": "^2.4.0",
        "regenerator-runtime": "^0.11.0"
      }
    },
    "babel-types": {
      "version": "6.26.0",
      "resolved": "https://registry.npmjs.org/babel-types/-/babel-types-6.26.0.tgz",
      "integrity": "sha1-o7Bz+Uq0nrb6Vc1lInozQ4BjJJc=",
      "requires": {
        "babel-runtime": "^6.26.0",
        "esutils": "^2.0.2",
        "lodash": "^4.17.4",
        "to-fast-properties": "^1.0.3"
      },
      "dependencies": {
        "to-fast-properties": {
          "version": "1.0.3",
          "resolved": "https://registry.npmjs.org/to-fast-properties/-/to-fast-properties-1.0.3.tgz",
          "integrity": "sha1-uDVx+k2MJbguIxsG46MFXeTKGkc="
        }
      }
    },
    "babel-walk": {
      "version": "3.0.0-canary-5",
      "resolved": "https://registry.npmjs.org/babel-walk/-/babel-walk-3.0.0-canary-5.tgz",
      "integrity": "sha512-GAwkz0AihzY5bkwIY5QDR+LvsRQgB/B+1foMPvi0FZPMl5fjD7ICiznUiBdLYMH1QYe6vqu4gWYytZOccLouFw==",
      "requires": {
        "@babel/types": "^7.9.6"
      }
    },
    "babylon": {
      "version": "6.18.0",
      "resolved": "https://registry.npmjs.org/babylon/-/babylon-6.18.0.tgz",
      "integrity": "sha512-q/UEjfGJ2Cm3oKV71DJz9d25TPnq5rhBVL2Q4fA5wcC3jcrdn7+SssEybFIxwAvvP+YCsCYNKughoF33GxgycQ=="
    },
    "better-title-case": {
      "version": "1.0.1",
      "resolved": "https://registry.npmjs.org/better-title-case/-/better-title-case-1.0.1.tgz",
      "integrity": "sha512-J5m7CmVtvq7FMbM+vkiw2WwLQniYZ7Kb7UKIsMbhXNbSBRHVBsQ7gjhSdmLg+l1rZkUmbaWBtMPlBB55GNWMLQ=="
    },
    "call-bind": {
      "version": "1.0.2",
      "resolved": "https://registry.npmjs.org/call-bind/-/call-bind-1.0.2.tgz",
      "integrity": "sha512-7O+FbCihrB5WGbFYesctwmTKae6rOiIzmz1icreWJ+0aA7LJfuqhEso2T9ncpcFtzMQtzXf2QGGueWJGTYsqrA==",
      "requires": {
        "function-bind": "^1.1.1",
        "get-intrinsic": "^1.0.2"
      }
    },
    "character-parser": {
      "version": "2.2.0",
      "resolved": "https://registry.npmjs.org/character-parser/-/character-parser-2.2.0.tgz",
      "integrity": "sha1-x84o821LzZdE5f/CxfzeHHMmH8A=",
      "requires": {
        "is-regex": "^1.0.3"
      }
    },
    "constantinople": {
      "version": "4.0.1",
      "resolved": "https://registry.npmjs.org/constantinople/-/constantinople-4.0.1.tgz",
      "integrity": "sha512-vCrqcSIq4//Gx74TXXCGnHpulY1dskqLTFGDmhrGxzeXL8lF8kvXv6mpNWlJj1uD4DW23D4ljAqbY4RRaaUZIw==",
      "requires": {
        "@babel/parser": "^7.6.0",
        "@babel/types": "^7.6.1"
      }
    },
    "core-js": {
      "version": "2.6.12",
      "resolved": "https://registry.npmjs.org/core-js/-/core-js-2.6.12.tgz",
      "integrity": "sha512-Kb2wC0fvsWfQrgk8HU5lW6U/Lcs8+9aaYcy4ZFc6DDlo4nZ7n70dEgE5rtR0oG6ufKDUnrwfWL1mXR5ljDatrQ=="
    },
    "date-fns": {
      "version": "2.22.1",
      "resolved": "https://registry.npmjs.org/date-fns/-/date-fns-2.22.1.tgz",
      "integrity": "sha512-yUFPQjrxEmIsMqlHhAhmxkuH769baF21Kk+nZwZGyrMoyLA+LugaQtC0+Tqf9CBUUULWwUJt6Q5ySI3LJDDCGg=="
    },
    "doctypes": {
      "version": "1.1.0",
      "resolved": "https://registry.npmjs.org/doctypes/-/doctypes-1.1.0.tgz",
      "integrity": "sha1-6oCxBqh1OHdOijpKWv4pPeSJ4Kk="
    },
    "emoji-regex": {
      "version": "9.2.2",
      "resolved": "https://registry.npmjs.org/emoji-regex/-/emoji-regex-9.2.2.tgz",
      "integrity": "sha512-L18DaJsXSUk2+42pv8mLs5jJT2hqFkFE4j21wOmgbUqsZ2hL72NsUU785g9RXgo3s0ZNgVl42TiHp3ZtOv/Vyg=="
    },
    "english-a-an": {
      "version": "2.0.0",
      "resolved": "https://registry.npmjs.org/english-a-an/-/english-a-an-2.0.0.tgz",
      "integrity": "sha512-MIyUxkpTCxjWrGPPGlLI1RyoFHcharvLR9EBp3rgwgY3FP/utB9OI5gV1JTmf8MmG3KsMk1UHSW3slJa5aXaBw=="
    },
    "english-a-an-list": {
      "version": "2.0.0",
      "resolved": "https://registry.npmjs.org/english-a-an-list/-/english-a-an-list-2.0.0.tgz",
      "integrity": "sha512-nfU+zffSnEenfykD5Yn0zuvBdcbYcb7xU+7TD1JHgsp57Tt+qlgI9KWVn9rt5o0W6XZehkUaKfjXVfeJxPxywA=="
    },
    "english-determiners": {
      "version": "4.0.0",
      "resolved": "https://registry.npmjs.org/english-determiners/-/english-determiners-4.0.0.tgz",
      "integrity": "sha512-rQTPZyME3YTCJ5IJRN6AVUCCnrC15QnExXNRLmj65uzVe1bbLctPRMLXZtoUt/rpkeykLuHUVnKk55f+GFre0A=="
    },
    "english-ordinals": {
      "version": "2.0.0",
      "resolved": "https://registry.npmjs.org/english-ordinals/-/english-ordinals-2.0.0.tgz",
      "integrity": "sha512-UMEHFXTlG7tKcWJVXs7VkYWzEnMt10dfwKmQmz2P5Y58VXDM1Cl+ABTFecWgvi+KQsSRQwV+wQ4Ezx0g/Y7oaA==",
      "requires": {
        "rosaenlg-n2words": "2.0.0"
      }
    },
    "english-plurals": {
      "version": "2.0.0",
      "resolved": "https://registry.npmjs.org/english-plurals/-/english-plurals-2.0.0.tgz",
      "integrity": "sha512-e4O+OT60Ozbi/FCC5/YdeX0zHTwduPS6RfvIV3eRKWHZs3Dc6q/4rXBAL8eVq4veH+1wtkKpEVqtGTktniQ5sw=="
    },
    "english-plurals-list": {
      "version": "2.0.0",
      "resolved": "https://registry.npmjs.org/english-plurals-list/-/english-plurals-list-2.0.0.tgz",
      "integrity": "sha512-0QJKw/cy4TR2tj3JW3iS+D0c77Gn681Mqbj2iKicYRbHCYGnbcyj6EOBx/Xbc/w+4Ng2GuqiSJqWijdWsQ3Elg=="
    },
    "english-verbs-gerunds": {
      "version": "2.0.0",
      "resolved": "https://registry.npmjs.org/english-verbs-gerunds/-/english-verbs-gerunds-2.0.0.tgz",
      "integrity": "sha512-4/sbYbME0nwkxzfjXG7N4FZyG49MZjsbUOe/atRRz6ej8ZRbm9eTn3oJou4rcyYnqiHF1N3XCLYmQQ6pEfSJ/w=="
    },
    "english-verbs-helper": {
      "version": "2.0.0",
      "resolved": "https://registry.npmjs.org/english-verbs-helper/-/english-verbs-helper-2.0.0.tgz",
      "integrity": "sha512-nHoSb+T7YrHp6DTpjOl5PSLAVbttd3pC/fA72pteklzhVDtcjgPvkfQlNoFepC2lMSstF/fZL88JUGso+pTMfQ=="
    },
    "english-verbs-irregular": {
      "version": "2.0.0",
      "resolved": "https://registry.npmjs.org/english-verbs-irregular/-/english-verbs-irregular-2.0.0.tgz",
      "integrity": "sha512-WkQQhb+crCxHbQP2aNM8dDSNWF1WqRTtcSRSupoPK+XISQGgE8aQDA3J2mf1gT0U5zy7iH1oVNWLAjR4YO+9sg=="
    },
    "esprima": {
      "version": "4.0.1",
      "resolved": "https://registry.npmjs.org/esprima/-/esprima-4.0.1.tgz",
      "integrity": "sha512-eGuFFw7Upda+g4p+QHvnW0RyTX/SVeJBDM/gCtMARO0cLuT2HcEKnTPvhjV6aGeqrCB/sbNop0Kszm0jsaWU4A=="
    },
    "esutils": {
      "version": "2.0.3",
      "resolved": "https://registry.npmjs.org/esutils/-/esutils-2.0.3.tgz",
      "integrity": "sha512-kVscqXk4OCp68SZ0dkgEKVi6/8ij300KBWTJq32P/dYeWTSwK41WyTxalN1eRmA5Z9UU/LX9D7FWSmV9SAYx6g=="
    },
    "french-adjectives": {
      "version": "4.0.0",
      "resolved": "https://registry.npmjs.org/french-adjectives/-/french-adjectives-4.0.0.tgz",
      "integrity": "sha512-xfRPsWZinLWQhqBvDztYqqdMUuCsw+sZQqLm8Xv2hfJYAK/YPfMRoal0AjhCTkykjeLG6sbw1C36XWTAlH/8CQ==",
      "requires": {
        "french-contractions": "4.0.0"
      }
    },
    "french-adjectives-wrapper": {
      "version": "2.0.0",
      "resolved": "https://registry.npmjs.org/french-adjectives-wrapper/-/french-adjectives-wrapper-2.0.0.tgz",
      "integrity": "sha512-IGQgGIUc2sbA5TDZvVRi6MjyMhhrsDCXmrMQMo2f5z1Vi4+xurf9VhDVy67JaUIBRQHM+1n1x/fP0HPmIPm3uA==",
      "requires": {
        "french-adjectives": "4.0.0",
        "french-contractions": "4.0.0"
      }
    },
    "french-contractions": {
      "version": "4.0.0",
      "resolved": "https://registry.npmjs.org/french-contractions/-/french-contractions-4.0.0.tgz",
      "integrity": "sha512-3APo7OBWr1OSbq9ERIohpJWdiDW0+UNPcqyHyDeYddbVZdNJqNm1iRSPQxkOuCTwiC0B4RssroSu1yZpl0PvzQ=="
    },
    "french-determiners": {
      "version": "4.0.0",
      "resolved": "https://registry.npmjs.org/french-determiners/-/french-determiners-4.0.0.tgz",
      "integrity": "sha512-y6RrKPv5O/xHosYyfAsIcZqgAHnQuWSL0X9kGjUaG/v6tsUr9+LRr/HnNL93dCOlA8ZeqrLCGYZ5ypNTcFP9iw=="
    },
    "french-ordinals": {
      "version": "4.0.0",
      "resolved": "https://registry.npmjs.org/french-ordinals/-/french-ordinals-4.0.0.tgz",
      "integrity": "sha512-IxHNXE4hyQ809E+sLE/iJpVP2C9S0KnPW3sVusyr18Ug4oNC8nFp2Z0hWOA9XeJ8590pE0Maq/b6660Kto+Y9w=="
    },
    "french-verbs": {
      "version": "4.0.0",
      "resolved": "https://registry.npmjs.org/french-verbs/-/french-verbs-4.0.0.tgz",
      "integrity": "sha512-DMrdTJdMNs8zerlWGRDyAsM/m7lYQC2z2KCxKSgW7Vy+fPMJq7aWs0pX6JCGj6xJDy1kT+jEjWy/S4wJxGEeGw==",
      "requires": {
        "french-contractions": "4.0.0",
        "french-verbs-transitive": "2.0.0"
      }
    },
    "french-verbs-lefff": {
      "version": "2.0.0",
      "resolved": "https://registry.npmjs.org/french-verbs-lefff/-/french-verbs-lefff-2.0.0.tgz",
      "integrity": "sha512-D97TpdszntK69HKteSECe+3uygmiCSyCpQG5h9gaynEkvqAcOSS6QJ60uNcPVQtL1Fo72K2CcM5NdzAv1k5q0Q=="
    },
    "french-verbs-transitive": {
      "version": "2.0.0",
      "resolved": "https://registry.npmjs.org/french-verbs-transitive/-/french-verbs-transitive-2.0.0.tgz",
      "integrity": "sha512-WrY219+NWhJYIcOlkZ5UKX70LcaPayFsm/6oyRAgM8WhP/dGGqppZpzDycelOpfFla0zxXlgZd5OzeO1Lz+aFA=="
    },
    "french-words": {
      "version": "2.0.0",
      "resolved": "https://registry.npmjs.org/french-words/-/french-words-2.0.0.tgz",
      "integrity": "sha512-KCw2i41ORuLTM0metazqFv9YTgABVNx4zX5ZjRaxXamA9WOy4aK7hg7Dq5Fx8VVy/OffG3o8kvz1JqMvvMMhfA==",
      "requires": {
        "rosaenlg-pluralize-fr": "2.0.0"
      }
    },
    "french-words-gender-lefff": {
      "version": "2.0.0",
      "resolved": "https://registry.npmjs.org/french-words-gender-lefff/-/french-words-gender-lefff-2.0.0.tgz",
      "integrity": "sha512-GZFiXqflVfGKlxxJ0wR2wotcD58dJBoxlGhsV+XE9XgOUHhh9pPM+4OdMVjvUmb8E7GEQGIBN7BNDcOAmvBF/w=="
    },
    "function-bind": {
      "version": "1.1.1",
      "resolved": "https://registry.npmjs.org/function-bind/-/function-bind-1.1.1.tgz",
      "integrity": "sha512-yIovAzMX49sF8Yl58fSCWJ5svSLuaibPxXQJFLmBObTuCr0Mf1KiPopGM9NiFjiYBCbfaa2Fh6breQ6ANVTI0A=="
    },
    "german-adjectives": {
      "version": "4.0.0",
      "resolved": "https://registry.npmjs.org/german-adjectives/-/german-adjectives-4.0.0.tgz",
      "integrity": "sha512-+GvgcGVedo+xsiART5ORv/yE8d/jNkJ2uiTj72ApkvBD97E9QyZoAjB9ZO7na8Y9hTVIyjqdnJKn+obJSr8i+A=="
    },
    "german-adjectives-dict": {
      "version": "2.0.0",
      "resolved": "https://registry.npmjs.org/german-adjectives-dict/-/german-adjectives-dict-2.0.0.tgz",
      "integrity": "sha512-6x917cZHk2GCkegF46+FL1miWB9DFqq3F/McfKsGYXI42k8kJ7eZz9EVQA5BLjL738LFgI6Vvb8Q0tK/B32aTA=="
    },
    "german-determiners": {
      "version": "4.0.0",
      "resolved": "https://registry.npmjs.org/german-determiners/-/german-determiners-4.0.0.tgz",
      "integrity": "sha512-KQyo54VRqAJHaHZzTif5eGF3aIChVgi6o2MTJjXdqo7R9/TnJy0UKqLdoIkAp2aENNVK2wK1stHKw4sgBcbluw=="
    },
    "german-dict-helper": {
      "version": "4.0.0",
      "resolved": "https://registry.npmjs.org/german-dict-helper/-/german-dict-helper-4.0.0.tgz",
      "integrity": "sha512-SwNrh5K4JvvXmmee99O3bzlrKAYzVV/n0mg3XZiQakXxxLgF8fe28tlOXfSj0FX8ClpgEe4S9xgerbLP/KVzVA=="
    },
    "german-ordinals": {
      "version": "4.0.0",
      "resolved": "https://registry.npmjs.org/german-ordinals/-/german-ordinals-4.0.0.tgz",
      "integrity": "sha512-bMBLZwHsB6XbIP4le7dKzn2BzVr5Mc/VX63YhpCfKasSSk16nl3u9+lXw7ppYf74vE47W6SMLzU4voixDMJ8kg=="
    },
    "german-verbs": {
      "version": "4.0.0",
      "resolved": "https://registry.npmjs.org/german-verbs/-/german-verbs-4.0.0.tgz",
      "integrity": "sha512-+dg92OJ99aHTOkuLGTzDmwuojUaGobs/74yCmorA+FONt7HnISAdzRa8BZMyU5kFG6XdAxUbwX/O/OPduoi/8w=="
    },
    "german-verbs-dict": {
      "version": "2.0.0",
      "resolved": "https://registry.npmjs.org/german-verbs-dict/-/german-verbs-dict-2.0.0.tgz",
      "integrity": "sha512-UCtfLqOk2pVCbHjg+adqmabxRXj2NdejdNUX840O473YgpAZFhrLeJoa/o6waYbjo+AnQ56ZsH0pSqqfAUPMhA=="
    },
    "german-words": {
      "version": "4.0.0",
      "resolved": "https://registry.npmjs.org/german-words/-/german-words-4.0.0.tgz",
      "integrity": "sha512-pdMV3oSFbQAlxSOjoHlWf6GNNMBLB5qY3Kvx8E5YDWYHCXQ/pkrthr5arttVg7z77gGoDOYiPQidpt4gsKv76w=="
    },
    "german-words-dict": {
      "version": "2.0.0",
      "resolved": "https://registry.npmjs.org/german-words-dict/-/german-words-dict-2.0.0.tgz",
      "integrity": "sha512-RZUZajx6p1nWZrE977EncLmCWj5Wu8CzHsWLgIWGPD8VZ+vQOtlwwAo4QZToysc402Fr4RnmobeuDgF4ZgpdYA=="
    },
    "get-intrinsic": {
      "version": "1.1.1",
      "resolved": "https://registry.npmjs.org/get-intrinsic/-/get-intrinsic-1.1.1.tgz",
      "integrity": "sha512-kWZrnVM42QCiEA2Ig1bG8zjoIMOgxWwYCEeNdwY6Tv/cOSeGpcoX4pXHfKUxNKVoArnrEr2e9srnAxxGIraS9Q==",
      "requires": {
        "function-bind": "^1.1.1",
        "has": "^1.0.3",
        "has-symbols": "^1.0.1"
      }
    },
    "has": {
      "version": "1.0.3",
      "resolved": "https://registry.npmjs.org/has/-/has-1.0.3.tgz",
      "integrity": "sha512-f2dvO0VU6Oej7RkWJGrehjbzMAjFp5/VKPp5tTpWIV4JHHZK1/BxbFRtf/siA2SWTe09caDmVtYYzWEIbBS4zw==",
      "requires": {
        "function-bind": "^1.1.1"
      }
    },
    "has-symbols": {
      "version": "1.0.2",
      "resolved": "https://registry.npmjs.org/has-symbols/-/has-symbols-1.0.2.tgz",
      "integrity": "sha512-chXa79rL/UC2KlX17jo3vRGz0azaWEx5tGqZg5pO3NUyEJVB17dMruQlzCCOfUvElghKcm5194+BCRvi2Rv/Gw=="
    },
    "is-expression": {
      "version": "4.0.0",
      "resolved": "https://registry.npmjs.org/is-expression/-/is-expression-4.0.0.tgz",
      "integrity": "sha512-zMIXX63sxzG3XrkHkrAPvm/OVZVSCPNkwMHU8oTX7/U3AL78I0QXCEICXUM13BIa8TYGZ68PiTKfQz3yaTNr4A==",
      "requires": {
        "acorn": "^7.1.1",
        "object-assign": "^4.1.1"
      }
    },
    "is-regex": {
      "version": "1.1.3",
      "resolved": "https://registry.npmjs.org/is-regex/-/is-regex-1.1.3.tgz",
      "integrity": "sha512-qSVXFz28HM7y+IWX6vLCsexdlvzT1PJNFSBuaQLQ5o0IEw8UDYW6/2+eCMVyIsbM8CNLX2a/QWmSpyxYEHY7CQ==",
      "requires": {
        "call-bind": "^1.0.2",
        "has-symbols": "^1.0.2"
      }
    },
    "italian-adjectives": {
      "version": "4.0.0",
      "resolved": "https://registry.npmjs.org/italian-adjectives/-/italian-adjectives-4.0.0.tgz",
      "integrity": "sha512-2Ibxcl2kOVeUHIpGumqDYpTHKLij4eQlq3/awLF8zOkA5Hw0V1qngDG9cLjVOTMHGuuMAf7uvDbOBCWmdfoeaQ==",
      "requires": {
        "rosaenlg-commons": "2.0.0"
      }
    },
    "italian-adjectives-dict": {
      "version": "2.0.0",
      "resolved": "https://registry.npmjs.org/italian-adjectives-dict/-/italian-adjectives-dict-2.0.0.tgz",
      "integrity": "sha512-D4OoF8JT5fBEBC1vWN0CaIvAFrT83RI08Bdeahc2GuSfn246aBpSeLGI7PVihX3zR2dLDEiSfvwWmZwPYWvZlA=="
    },
    "italian-determiners": {
      "version": "4.0.0",
      "resolved": "https://registry.npmjs.org/italian-determiners/-/italian-determiners-4.0.0.tgz",
      "integrity": "sha512-At2KSzZU1uWpaIpHCdyzB6pN99OJ9e9ztFcwOC2CFT/xbq3WC8/7EyIPMxuj2OapnfFj5HiwCalyMGA0WdNUiw=="
    },
    "italian-ordinals-cardinals": {
      "version": "4.0.0",
      "resolved": "https://registry.npmjs.org/italian-ordinals-cardinals/-/italian-ordinals-cardinals-4.0.0.tgz",
      "integrity": "sha512-nnxG5YVuAVpMZtSbXRyggSPg1Zi1konYW1ElpnvqYfNUcy2z791PJox+ykzczswPb9vT99z26gKK56nx2EJdXA==",
      "requires": {
        "rosaenlg-n2words": "2.0.0"
      }
    },
    "italian-verbs": {
      "version": "4.0.0",
      "resolved": "https://registry.npmjs.org/italian-verbs/-/italian-verbs-4.0.0.tgz",
      "integrity": "sha512-SoYjQcBf+nzGUssQjnAIAgYQUeuTcjlwUwHNxTpIcRBV+dznxn8DF5WhZlqJQ1MEQ+ZFuuZbrFOoXlBF0SGn8A=="
    },
    "italian-verbs-dict": {
      "version": "2.0.0",
      "resolved": "https://registry.npmjs.org/italian-verbs-dict/-/italian-verbs-dict-2.0.0.tgz",
      "integrity": "sha512-PSG/M2MKQmYRxe6XR2DIyXBWluDhSDPgYgHM+bEG0NRA/YaorHquyVzKho/IzTOYElliuPAr56gBaSObTFxkiA=="
    },
    "italian-words": {
      "version": "4.0.0",
      "resolved": "https://registry.npmjs.org/italian-words/-/italian-words-4.0.0.tgz",
      "integrity": "sha512-zuUQt4Z4g1nuJmIIkyL3qqa3Wf6ncVRVzT9/s6toyCAk1/6L21mCEXV7NZbGO8q1yD9p0h2jpdwzwWFHkRzM6A=="
    },
    "italian-words-dict": {
      "version": "2.0.0",
      "resolved": "https://registry.npmjs.org/italian-words-dict/-/italian-words-dict-2.0.0.tgz",
      "integrity": "sha512-K77nSJP5PZr1xCIbleNdd5rX1PBvU64Lkm17xbBRdZc1URIx+MXt9lE5eZPqazVPJtrkBCUpYaMWlTtpEMdy3A=="
    },
    "js-stringify": {
      "version": "1.0.2",
      "resolved": "https://registry.npmjs.org/js-stringify/-/js-stringify-1.0.2.tgz",
      "integrity": "sha1-Fzb939lyTyijaCrcYjCufk6Weds="
    },
    "json-query": {
      "version": "2.2.2",
      "resolved": "https://registry.npmjs.org/json-query/-/json-query-2.2.2.tgz",
      "integrity": "sha1-tlWLijeUzNIXkmqjgCQyS3e0irE="
    },
    "lefff-helper": {
      "version": "4.0.0",
      "resolved": "https://registry.npmjs.org/lefff-helper/-/lefff-helper-4.0.0.tgz",
      "integrity": "sha512-UYglnE4r1r0eg1W2EiWo6CP+qjxel7YVl6nPt3n9JYdbr1Ufe57Hv0aKEEbn6ijxoFMM7fC5h9ttkUXQzob7AQ=="
    },
    "lodash": {
      "version": "4.17.21",
      "resolved": "https://registry.npmjs.org/lodash/-/lodash-4.17.21.tgz",
      "integrity": "sha512-v2kDEe57lecTulaDIuNTPy3Ry4gLGJ6Z1O3vE1krgXZNrsQ+LFTGHVxVjcXPs17LhbZVGedAJv8XZ1tvj5FvSg=="
    },
    "morph-it-helper": {
      "version": "4.0.0",
      "resolved": "https://registry.npmjs.org/morph-it-helper/-/morph-it-helper-4.0.0.tgz",
      "integrity": "sha512-haFzWlJxmSLk3gs9GGse/LChWYS/uUoJLZW15K+OG9jwN8SVEV6OmmLsYZx3lBex4P9dmWOqKUWjRiyA6Z/0xQ=="
    },
    "numeral": {
      "version": "2.0.6",
      "resolved": "https://registry.npmjs.org/numeral/-/numeral-2.0.6.tgz",
      "integrity": "sha1-StCAk21EPCVhrtnyGX7//iX05QY="
    },
    "object-assign": {
      "version": "4.1.1",
      "resolved": "https://registry.npmjs.org/object-assign/-/object-assign-4.1.1.tgz",
      "integrity": "sha1-IQmtx5ZYh8/AXLvUQsrIv7s2CGM="
    },
    "ordinal-spanish": {
      "version": "0.1.3",
      "resolved": "https://registry.npmjs.org/ordinal-spanish/-/ordinal-spanish-0.1.3.tgz",
      "integrity": "sha512-ajBoTPQ5zogB2X0dc04lHv0EVKI3MYOnqilGvf/FsKGX/werYN2UNsXJZPlyChUipwIiFTcrNyNmqKs+lVxD4Q=="
    },
    "pluralize": {
      "version": "8.0.0",
      "resolved": "https://registry.npmjs.org/pluralize/-/pluralize-8.0.0.tgz",
      "integrity": "sha512-Nc3IT5yHzflTfbjgqWcCPpo7DaKy4FnpB0l/zCAW0Tc7jxAiuqSxHasntB3D7887LSrA93kDJ9IXovxJYxyLCA=="
    },
    "pug-attrs": {
      "version": "2.0.4",
      "resolved": "https://registry.npmjs.org/pug-attrs/-/pug-attrs-2.0.4.tgz",
      "integrity": "sha512-TaZ4Z2TWUPDJcV3wjU3RtUXMrd3kM4Wzjbe3EWnSsZPsJ3LDI0F3yCnf2/W7PPFF+edUFQ0HgDL1IoxSz5K8EQ==",
      "requires": {
        "constantinople": "^3.0.1",
        "js-stringify": "^1.0.1",
        "pug-runtime": "^2.0.5"
      },
      "dependencies": {
        "constantinople": {
          "version": "3.1.2",
          "resolved": "https://registry.npmjs.org/constantinople/-/constantinople-3.1.2.tgz",
          "integrity": "sha512-yePcBqEFhLOqSBtwYOGGS1exHo/s1xjekXiinh4itpNQGCu4KA1euPh1fg07N2wMITZXQkBz75Ntdt1ctGZouw==",
          "requires": {
            "@types/babel-types": "^7.0.0",
            "@types/babylon": "^6.16.2",
            "babel-types": "^6.26.0",
            "babylon": "^6.18.0"
          }
        }
      }
    },
    "pug-error": {
      "version": "1.3.3",
      "resolved": "https://registry.npmjs.org/pug-error/-/pug-error-1.3.3.tgz",
      "integrity": "sha512-qE3YhESP2mRAWMFJgKdtT5D7ckThRScXRwkfo+Erqga7dyJdY3ZquspprMCj/9sJ2ijm5hXFWQE/A3l4poMWiQ=="
    },
    "pug-runtime": {
      "version": "2.0.5",
      "resolved": "https://registry.npmjs.org/pug-runtime/-/pug-runtime-2.0.5.tgz",
      "integrity": "sha512-P+rXKn9un4fQY77wtpcuFyvFaBww7/91f3jHa154qU26qFAnOe6SW1CbIDcxiG5lLK9HazYrMCCuDvNgDQNptw=="
    },
    "pug-strip-comments": {
      "version": "1.0.4",
      "resolved": "https://registry.npmjs.org/pug-strip-comments/-/pug-strip-comments-1.0.4.tgz",
      "integrity": "sha512-i5j/9CS4yFhSxHp5iKPHwigaig/VV9g+FgReLJWWHEHbvKsbqL0oP/K5ubuLco6Wu3Kan5p7u7qk8A4oLLh6vw==",
      "requires": {
        "pug-error": "^1.3.3"
      }
    },
    "random-js": {
      "version": "2.1.0",
      "resolved": "https://registry.npmjs.org/random-js/-/random-js-2.1.0.tgz",
      "integrity": "sha512-CRUyWmnzmZBA7RZSVGq0xMqmgCyPPxbiKNLFA5ud7KenojVX2s7Gv+V7eB52beKTPGxWRnVZ7D/tCIgYJJ8vNQ=="
    },
    "recast": {
      "version": "0.20.4",
      "resolved": "https://registry.npmjs.org/recast/-/recast-0.20.4.tgz",
      "integrity": "sha512-6qLIBGGRcwjrTZGIiBpJVC/NeuXpogXNyRQpqU1zWPUigCphvApoCs9KIwDYh1eDuJ6dAFlQoi/QUyE5KQ6RBQ==",
      "requires": {
        "ast-types": "0.14.2",
        "esprima": "~4.0.0",
        "source-map": "~0.6.1",
        "tslib": "^2.0.1"
      }
    },
    "regenerator-runtime": {
      "version": "0.11.1",
      "resolved": "https://registry.npmjs.org/regenerator-runtime/-/regenerator-runtime-0.11.1.tgz",
      "integrity": "sha512-MguG95oij0fC3QV3URf4V2SDYGJhJnJGqvIIgdECeODCT98wSWDAJ94SSuVpYQUoTcGUIL6L4yNB7j1DFFHSBg=="
    },
    "remove-accents": {
      "version": "0.4.2",
      "resolved": "https://registry.npmjs.org/remove-accents/-/remove-accents-0.4.2.tgz",
      "integrity": "sha1-CkPTqq4egNuRngeuJUsoXZ4ce7U="
    },
    "rosaenlg": {
      "version": "3.0.0",
      "resolved": "https://registry.npmjs.org/rosaenlg/-/rosaenlg-3.0.0.tgz",
      "integrity": "sha512-d1zLPH6yAlosbf879gd4/hUoAmYIvJzWr2hN66T+GvOo8gV+tCB+UA9JaYXw4dwq5NtunjgZhmDjJmwMT1U9dA==",
      "requires": {
        "@types/numeral": "^0.0.28",
        "date-fns": "^2.16.1",
        "english-determiners": "4.0.0",
        "english-ordinals": "2.0.0",
        "english-plurals": "2.0.0",
        "english-plurals-list": "2.0.0",
        "english-verbs-gerunds": "2.0.0",
        "english-verbs-helper": "2.0.0",
        "english-verbs-irregular": "2.0.0",
        "french-adjectives-wrapper": "2.0.0",
        "french-determiners": "4.0.0",
        "french-ordinals": "4.0.0",
        "french-verbs": "4.0.0",
        "french-verbs-lefff": "2.0.0",
        "french-words": "2.0.0",
        "french-words-gender-lefff": "2.0.0",
        "german-adjectives": "4.0.0",
        "german-adjectives-dict": "2.0.0",
        "german-determiners": "4.0.0",
        "german-dict-helper": "4.0.0",
        "german-ordinals": "4.0.0",
        "german-verbs": "4.0.0",
        "german-verbs-dict": "2.0.0",
        "german-words": "4.0.0",
        "german-words-dict": "2.0.0",
        "italian-adjectives": "4.0.0",
        "italian-adjectives-dict": "2.0.0",
        "italian-determiners": "4.0.0",
        "italian-ordinals-cardinals": "4.0.0",
        "italian-verbs": "4.0.0",
        "italian-verbs-dict": "2.0.0",
        "italian-words": "4.0.0",
        "italian-words-dict": "2.0.0",
        "lefff-helper": "4.0.0",
        "morph-it-helper": "4.0.0",
        "numeral": "^2.0.6",
        "ordinal-spanish": "^0.1.3",
        "pug-runtime": "^2.0.4",
        "pug-strip-comments": "^1.0.3",
        "random-js": "^2.1.0",
        "rosaenlg-commons": "2.0.0",
        "rosaenlg-filter": "4.0.0",
        "rosaenlg-n2words": "2.0.0",
        "rosaenlg-pug-code-gen": "5.0.0",
        "rosaenlg-pug-lexer": "7.0.0",
        "rosaenlg-pug-linker": "6.0.0",
        "rosaenlg-pug-load": "5.0.0",
        "rosaenlg-pug-parser": "8.0.0",
        "rosaenlg-yseop": "4.0.0",
        "spanish-adjectives-wrapper": "2.0.0",
        "spanish-determiners": "2.0.0",
        "spanish-verbs-wrapper": "2.0.0",
        "spanish-words": "2.0.0",
        "synonym-optimizer": "4.0.0"
      }
    },
    "rosaenlg-commons": {
      "version": "2.0.0",
      "resolved": "https://registry.npmjs.org/rosaenlg-commons/-/rosaenlg-commons-2.0.0.tgz",
      "integrity": "sha512-nHoJfD0zeH8MJzbopw/cAPnEQnrNkQnaqXbaqP0/gXTvs8pfGmDNM+tU85+m7AaAJq74hFxeZdQVRmnq2O+q2w=="
    },
    "rosaenlg-filter": {
      "version": "4.0.0",
      "resolved": "https://registry.npmjs.org/rosaenlg-filter/-/rosaenlg-filter-4.0.0.tgz",
      "integrity": "sha512-wjg+Z0G3dxoKXNpHx0atphbS2YoTb+KkMIZdG0nMKpkxJLeCVDKL5p+4MKO9nVhAunwAQ51sg5MzfwwuEc7JGg==",
      "requires": {
        "better-title-case": "^1.0.1",
        "english-a-an": "2.0.0",
        "english-a-an-list": "2.0.0",
        "french-contractions": "4.0.0",
        "rosaenlg-commons": "2.0.0",
        "titlecase-french": "^1.0.1"
      }
    },
    "rosaenlg-gender-es": {
      "version": "3.0.0",
      "resolved": "https://registry.npmjs.org/rosaenlg-gender-es/-/rosaenlg-gender-es-3.0.0.tgz",
      "integrity": "sha512-SjuRyhABTCCr76yN77XKlFDBEIDSNxoR2gwtF1uKwpjESxxtUFUseF/zaHklx/KciTvC92+evDt64rJnMApJcg=="
    },
    "rosaenlg-n2words": {
      "version": "2.0.0",
      "resolved": "https://registry.npmjs.org/rosaenlg-n2words/-/rosaenlg-n2words-2.0.0.tgz",
      "integrity": "sha512-yqCxwx/llwmo+J5iL/9V1uObsi74x6dNOFb4FpSieoSmzxOxZ2EjbUbM7Of50DQYfxgbfCOaGeMMUkWecbXWGA=="
    },
    "rosaenlg-pluralize-es": {
      "version": "3.0.0",
      "resolved": "https://registry.npmjs.org/rosaenlg-pluralize-es/-/rosaenlg-pluralize-es-3.0.0.tgz",
      "integrity": "sha512-f5rSUUIAvAfhEYAKhFFbejMpOkFdsu67A71OpUtuRwFa5Ef3uBXTJxv/+pxtntb0TdqxwlPdb/ygUzVxjMWSAA==",
      "requires": {
        "remove-accents": "^0.4.2"
      }
    },
    "rosaenlg-pluralize-fr": {
      "version": "2.0.0",
      "resolved": "https://registry.npmjs.org/rosaenlg-pluralize-fr/-/rosaenlg-pluralize-fr-2.0.0.tgz",
      "integrity": "sha512-axQGgq9r2NG3647sPZxBYdyiWq8rYP/4xDojghINcuia6AMgaUAk6ok/seiRL8ZdpkXuJnTVJIBwgcABdlucrg=="
    },
    "rosaenlg-pug-code-gen": {
      "version": "5.0.0",
      "resolved": "https://registry.npmjs.org/rosaenlg-pug-code-gen/-/rosaenlg-pug-code-gen-5.0.0.tgz",
      "integrity": "sha512-awKDbndEi1zt0lPYOFP9NMJ4ivdNILHFV3shjiN5Doo34gSIkKMBwtcJyj5WR6+xiWOemkMNsQCqULfTQvv/9g==",
      "requires": {
        "constantinople": "^4.0.1",
        "doctypes": "^1.1.0",
        "english-plurals": "2.0.0",
        "english-plurals-list": "2.0.0",
        "english-verbs-gerunds": "2.0.0",
        "english-verbs-helper": "2.0.0",
        "english-verbs-irregular": "2.0.0",
        "french-adjectives-wrapper": "2.0.0",
        "french-verbs": "4.0.0",
        "french-verbs-lefff": "2.0.0",
        "german-adjectives": "4.0.0",
        "german-adjectives-dict": "2.0.0",
        "german-verbs": "4.0.0",
        "german-verbs-dict": "2.0.0",
        "german-words": "4.0.0",
        "german-words-dict": "2.0.0",
        "italian-adjectives": "4.0.0",
        "italian-adjectives-dict": "2.0.0",
        "italian-verbs": "4.0.0",
        "italian-verbs-dict": "2.0.0",
        "italian-words": "4.0.0",
        "italian-words-dict": "2.0.0",
        "js-stringify": "^1.0.2",
        "pug-attrs": "^2.0.4",
        "pug-error": "^1.3.2",
        "pug-runtime": "^2.0.4",
        "recast": "^0.20.3",
        "spanish-adjectives-wrapper": "2.0.0",
        "spanish-verbs-wrapper": "2.0.0",
        "spanish-words": "2.0.0",
        "void-elements": "^3.1.0",
        "with": "^7.0.2"
      }
    },
    "rosaenlg-pug-lexer": {
      "version": "7.0.0",
      "resolved": "https://registry.npmjs.org/rosaenlg-pug-lexer/-/rosaenlg-pug-lexer-7.0.0.tgz",
      "integrity": "sha512-vP0+h4hxlSP007yKJklzDcfNkRJZVafY6id3EqGQZPqLlMaJld02E8DGZm++/ZeRcBtctsTXF4ggxG9jknCM7w==",
      "requires": {
        "character-parser": "^2.1.1",
        "is-expression": "^4.0.0",
        "pug-error": "^1.3.2"
      }
    },
    "rosaenlg-pug-linker": {
      "version": "6.0.0",
      "resolved": "https://registry.npmjs.org/rosaenlg-pug-linker/-/rosaenlg-pug-linker-6.0.0.tgz",
      "integrity": "sha512-0b7vd02P/aUGDFZWTh/X/Q+Djh++Z/7qrWaqDn7AqJqRQ9/5V967elrrNRf3+XQ5fBx1AtnBb0uCBNgWXWmYTQ==",
      "requires": {
        "pug-error": "^1.3.2",
        "rosaenlg-pug-walk": "4.0.0"
      }
    },
    "rosaenlg-pug-load": {
      "version": "5.0.0",
      "resolved": "https://registry.npmjs.org/rosaenlg-pug-load/-/rosaenlg-pug-load-5.0.0.tgz",
      "integrity": "sha512-+U73oBWJE4LeWVbTbf6k+xB5auj5glcY6+djmiLYllfkQnS5RIz5Z/inHbRUOZBYmIuODtxYAkUrcYdRpE7GxQ==",
      "requires": {
        "object-assign": "^4.1.0",
        "rosaenlg-pug-walk": "4.0.0"
      }
    },
    "rosaenlg-pug-parser": {
      "version": "8.0.0",
      "resolved": "https://registry.npmjs.org/rosaenlg-pug-parser/-/rosaenlg-pug-parser-8.0.0.tgz",
      "integrity": "sha512-lloXba6sRGydv6obHu8cUlqTcxt+zA+u/nU0umKwQbwdzxNXtmdHrOv4A+fm6NbEwuvqmoA4GDTrBIFfLu4tRA==",
      "requires": {
        "pug-error": "^1.3.2",
        "token-stream": "^1.0.0"
      }
    },
    "rosaenlg-pug-walk": {
      "version": "4.0.0",
      "resolved": "https://registry.npmjs.org/rosaenlg-pug-walk/-/rosaenlg-pug-walk-4.0.0.tgz",
      "integrity": "sha512-oGRGA7xC8oRdHSNhWIOpUc2RVv12OHdBKFJdhIJp/2fFt8ijRWJuFDGqDYsXys7zVQIqKMngUQbfEy/zqTS8Lg=="
    },
    "rosaenlg-yseop": {
      "version": "4.0.0",
      "resolved": "https://registry.npmjs.org/rosaenlg-yseop/-/rosaenlg-yseop-4.0.0.tgz",
      "integrity": "sha512-F2q+mi2hwoUm/VvkvQfrWtXd/P0FBklQKZrvjN5gXf2WyVgguXQ5EsTj+dB87VJl6y7oqiZGgddrZMYp8e4QjQ==",
      "requires": {
        "constantinople": "^4.0.1",
        "doctypes": "^1.1.0",
        "js-stringify": "^1.0.1",
        "pug-attrs": "^2.0.4",
        "pug-error": "^1.3.2",
        "pug-runtime": "^2.0.4",
        "void-elements": "^3.1.0",
        "with": "^7.0.2"
      }
    },
    "snowball-stemmer.jsx": {
      "version": "0.2.3",
      "resolved": "https://registry.npmjs.org/snowball-stemmer.jsx/-/snowball-stemmer.jsx-0.2.3.tgz",
      "integrity": "sha1-7C1Bq6ZUrZMy0+e2Vc+C6pwfDNw="
    },
    "source-map": {
      "version": "0.6.1",
      "resolved": "https://registry.npmjs.org/source-map/-/source-map-0.6.1.tgz",
      "integrity": "sha512-UjgapumWlbMhkBgzT7Ykc5YXUT46F0iKu8SGXq0bcwP5dz/h0Plj6enJqjz1Zbq2l5WaqYnrVbwWOWMyF3F47g=="
    },
    "spanish-adjectives": {
      "version": "2.0.0",
      "resolved": "https://registry.npmjs.org/spanish-adjectives/-/spanish-adjectives-2.0.0.tgz",
      "integrity": "sha512-Y+ARy/mZXmN5s8090lrZnTkXwuoSzzkB1PiHRRotakzeSwDLGcbelgLJXKbPNYz6x6flczQV4ovP5YlT9RU+0A=="
    },
    "spanish-adjectives-wrapper": {
      "version": "2.0.0",
      "resolved": "https://registry.npmjs.org/spanish-adjectives-wrapper/-/spanish-adjectives-wrapper-2.0.0.tgz",
      "integrity": "sha512-l0SnGJjSg3nOjn4i6EnmNe9wMP+43MTLQJOcVdWcJ073+rzxkcgIbbFdADaxuZVABVtSxceY3ZATEnMusQJLcw==",
      "requires": {
        "spanish-adjectives": "2.0.0"
      }
    },
    "spanish-determiners": {
      "version": "2.0.0",
      "resolved": "https://registry.npmjs.org/spanish-determiners/-/spanish-determiners-2.0.0.tgz",
      "integrity": "sha512-mjTv91baV719439wbMFyOFg8DyN6f6nlqMRL+ScSArQoXdfrUd1t7ibSyeafwdQa7A+tY6n1pgULs2zK9XBH1A=="
    },
    "spanish-verbs": {
      "version": "2.0.0",
      "resolved": "https://registry.npmjs.org/spanish-verbs/-/spanish-verbs-2.0.0.tgz",
      "integrity": "sha512-khNARPcorMFno+pU5K+ECGKC6ANl1TGh/Tk8Wvj+FfU5DJQjUY13ks9jHJMbqJSekEHRQeZfy/oR0h6jseH+aQ=="
    },
    "spanish-verbs-wrapper": {
      "version": "2.0.0",
      "resolved": "https://registry.npmjs.org/spanish-verbs-wrapper/-/spanish-verbs-wrapper-2.0.0.tgz",
      "integrity": "sha512-cU2LCq3Lig+pkj1GApZM8UDd7Z/fI6SD+bNWMhrastxOPQxFd/4As8SwsSn2ndx88kpQQws77oAoCjN+6OHX+g==",
      "requires": {
        "spanish-verbs": "2.0.0"
      }
    },
    "spanish-words": {
      "version": "2.0.0",
      "resolved": "https://registry.npmjs.org/spanish-words/-/spanish-words-2.0.0.tgz",
      "integrity": "sha512-zEzRX+9avc1u78Nd9a7LcGjatUxs2Jwl56Vo5h4AtYKyOhnTcsHQ3sO4pTGfJGW79soiCMI2DC4TFqJC0GQRxQ==",
      "requires": {
        "rosaenlg-gender-es": "3.0.0",
        "rosaenlg-pluralize-es": "3.0.0"
      }
    },
    "stopwords-de": {
      "version": "0.3.0",
      "resolved": "https://registry.npmjs.org/stopwords-de/-/stopwords-de-0.3.0.tgz",
      "integrity": "sha512-9Agjg1Hv6nXxEZFI1L1WUo1Qqbiy113Xjdw2PDZ9L/YISASZuPJZlShF7AGXDhULiBvmWdg4rBlCv05CJsXnww=="
    },
    "stopwords-en": {
      "version": "0.3.0",
      "resolved": "https://registry.npmjs.org/stopwords-en/-/stopwords-en-0.3.0.tgz",
      "integrity": "sha1-7x/70y4Dzy+cvyJq3LgOJ+w/4P8="
    },
    "stopwords-es": {
      "version": "0.3.0",
      "resolved": "https://registry.npmjs.org/stopwords-es/-/stopwords-es-0.3.0.tgz",
      "integrity": "sha1-CNtekP9DguS+eAFHPpKuuIeJKWA="
    },
    "stopwords-fr": {
      "version": "0.3.0",
      "resolved": "https://registry.npmjs.org/stopwords-fr/-/stopwords-fr-0.3.0.tgz",
      "integrity": "sha512-QPLifH9dO1dvPitzunVJnnO6P5cj1nNvnAmj9Ci+mMQfyqwGhheKZO75buN6sgX/mYT8SwCuRz8chVLhGT9D4g=="
    },
    "stopwords-it": {
      "version": "0.4.0",
      "resolved": "https://registry.npmjs.org/stopwords-it/-/stopwords-it-0.4.0.tgz",
      "integrity": "sha512-YaUT+iJs1JgqQfWH8uYtuE10B4GF72jW2dF6IQKeIgz1USyzi3pvyewMz76mJiaaNMKTfVHlcz42UZktyN2pog=="
    },
    "synonym-optimizer": {
      "version": "4.0.0",
      "resolved": "https://registry.npmjs.org/synonym-optimizer/-/synonym-optimizer-4.0.0.tgz",
      "integrity": "sha512-CkCAEOd1t511lc4qRhN2gKQjWXHtY1l5mbqCY8+Z2ez0X7q9FcKUmYGRexytRFEVFoM6Q8z51KEf7+g//brLSw==",
      "requires": {
        "@types/snowball-stemmers": "^0.6.0",
        "@types/wink-tokenizer": "^4.0.1",
        "rosaenlg-filter": "4.0.0",
        "snowball-stemmer.jsx": "^0.2.3",
        "stopwords-de": "^0.3.0",
        "stopwords-en": "^0.3.0",
        "stopwords-es": "^0.3.0",
        "stopwords-fr": "^0.3.0",
        "stopwords-it": "^0.4.0",
        "wink-tokenizer": "^5.2.1"
      }
    },
    "titlecase-french": {
      "version": "1.0.1",
      "resolved": "https://registry.npmjs.org/titlecase-french/-/titlecase-french-1.0.1.tgz",
      "integrity": "sha1-yRt2huKIdM39cxYv8wnIu7y5+qo="
    },
    "to-fast-properties": {
      "version": "2.0.0",
      "resolved": "https://registry.npmjs.org/to-fast-properties/-/to-fast-properties-2.0.0.tgz",
      "integrity": "sha1-3F5pjL0HkmW8c+A3doGk5Og/YW4="
    },
    "token-stream": {
      "version": "1.0.0",
      "resolved": "https://registry.npmjs.org/token-stream/-/token-stream-1.0.0.tgz",
      "integrity": "sha1-zCAOqyYT9BZtJ/+a/HylbUnfbrQ="
    },
    "tslib": {
      "version": "2.2.0",
      "resolved": "https://registry.npmjs.org/tslib/-/tslib-2.2.0.tgz",
      "integrity": "sha512-gS9GVHRU+RGn5KQM2rllAlR3dU6m7AcpJKdtH8gFvQiC4Otgk98XnmMU+nZenHt/+VhnBPWwgrJsyrdcw6i23w=="
    },
    "void-elements": {
      "version": "3.1.0",
      "resolved": "https://registry.npmjs.org/void-elements/-/void-elements-3.1.0.tgz",
      "integrity": "sha1-YU9/v42AHwu18GYfWy9XhXUOTwk="
    },
    "wink-tokenizer": {
      "version": "5.2.3",
      "resolved": "https://registry.npmjs.org/wink-tokenizer/-/wink-tokenizer-5.2.3.tgz",
      "integrity": "sha512-pMvnjcGC9pMToomdB6FfYzv7r/6r+B75Ip4QxvmtGUSO+THq/27y81Q9zdOhQSl14TJidjtSn0pZIw4+OKkiSg==",
      "requires": {
        "emoji-regex": "^9.0.0"
      }
    },
    "with": {
      "version": "7.0.2",
      "resolved": "https://registry.npmjs.org/with/-/with-7.0.2.tgz",
      "integrity": "sha512-RNGKj82nUPg3g5ygxkQl0R937xLyho1J24ItRCBTr/m1YnZkzJy1hUiHUJrc/VlsDQzsCnInEGSg3bci0Lmd4w==",
      "requires": {
        "@babel/parser": "^7.9.6",
        "@babel/types": "^7.9.6",
        "assert-never": "^1.2.1",
        "babel-walk": "3.0.0-canary-5"
      }
    }
  }
}
